
Microsoft Visual Studio Solution File, Format Version 12.00
# Visual Studio 15
VisualStudioVersion = 15.0.28307.329
MinimumVisualStudioVersion = 10.0.40219.1
Project("{2150E333-8FDC-42A3-9474-1A3956D46DE8}") = "WEEK01", "WEEK01", "{6D008971-076C-449A-840D-FC523CC65283}"
EndProject
Project("{FAE04EC0-301F-11D3-BF4B-00C04F79EFBC}") = "Working with Dates and Times", "Working with Dates and Times\Working with Dates and Times.csproj", "{2C650938-2D25-4086-BAF0-801A2E761CD3}"
EndProject
Project("{FAE04EC0-301F-11D3-BF4B-00C04F79EFBC}") = "Understanding Classes", "Understanding Classes\Understanding Classes.csproj", "{30FBEED2-2EB1-4FAF-A184-1A70E56B7CAF}"
EndProject
Project("{FAE04EC0-301F-11D3-BF4B-00C04F79EFBC}") = "More about classes and projects", "More about classes and projects\More about classes and projects.csproj", "{2DDB41A8-CA6E-45F3-8784-B367D10B77D4}"
EndProject
Project("{FAE04EC0-301F-11D3-BF4B-00C04F79EFBC}") = "Creating and adding references to assemblies", "Creating and adding references to assemblies\Creating and adding references to assemblies.csproj", "{8CEFB722-059F-463A-A40E-CE183EC18DC6}"
EndProject
Project("{FAE04EC0-301F-11D3-BF4B-00C04F79EFBC}") = "Creating and adding references to assemblies vol 2", "Creating and adding references to assemblies vol 2\Creating and adding references to assemblies vol 2.csproj", "{DBB7130D-6B4F-4EDB-8309-9B4EC50D9F54}"
EndProject
Project("{FAE04EC0-301F-11D3-BF4B-00C04F79EFBC}") = "MyClient", "ConsoleApp2\MyClient.csproj", "{4852C3BB-47CA-419B-A1D6-A0F41AC1106C}"
EndProject
Project("{FAE04EC0-301F-11D3-BF4B-00C04F79EFBC}") = "WorkingWithCollections", "WorkingWithCollections\WorkingWithCollections.csproj", "{78FF0414-3D45-4F03-920E-A7178C7839D6}"
EndProject
Global
	GlobalSection(SolutionConfigurationPlatforms) = preSolution
		Debug|Any CPU = Debug|Any CPU
		Release|Any CPU = Release|Any CPU
	EndGlobalSection
	GlobalSection(ProjectConfigurationPlatforms) = postSolution
		{2C650938-2D25-4086-BAF0-801A2E761CD3}.Debug|Any CPU.ActiveCfg = Debug|Any CPU
		{2C650938-2D25-4086-BAF0-801A2E761CD3}.Debug|Any CPU.Build.0 = Debug|Any CPU
		{2C650938-2D25-4086-BAF0-801A2E761CD3}.Release|Any CPU.ActiveCfg = Release|Any CPU
		{2C650938-2D25-4086-BAF0-801A2E761CD3}.Release|Any CPU.Build.0 = Release|Any CPU
		{30FBEED2-2EB1-4FAF-A184-1A70E56B7CAF}.Debug|Any CPU.ActiveCfg = Debug|Any CPU
		{30FBEED2-2EB1-4FAF-A184-1A70E56B7CAF}.Debug|Any CPU.Build.0 = Debug|Any CPU
		{30FBEED2-2EB1-4FAF-A184-1A70E56B7CAF}.Release|Any CPU.ActiveCfg = Release|Any CPU
		{30FBEED2-2EB1-4FAF-A184-1A70E56B7CAF}.Release|Any CPU.Build.0 = Release|Any CPU
		{2DDB41A8-CA6E-45F3-8784-B367D10B77D4}.Debug|Any CPU.ActiveCfg = Debug|Any CPU
		{2DDB41A8-CA6E-45F3-8784-B367D10B77D4}.Debug|Any CPU.Build.0 = Debug|Any CPU
		{2DDB41A8-CA6E-45F3-8784-B367D10B77D4}.Release|Any CPU.ActiveCfg = Release|Any CPU
		{2DDB41A8-CA6E-45F3-8784-B367D10B77D4}.Release|Any CPU.Build.0 = Release|Any CPU
		{8CEFB722-059F-463A-A40E-CE183EC18DC6}.Debug|Any CPU.ActiveCfg = Debug|Any CPU
		{8CEFB722-059F-463A-A40E-CE183EC18DC6}.Debug|Any CPU.Build.0 = Debug|Any CPU
		{8CEFB722-059F-463A-A40E-CE183EC18DC6}.Release|Any CPU.ActiveCfg = Release|Any CPU
		{8CEFB722-059F-463A-A40E-CE183EC18DC6}.Release|Any CPU.Build.0 = Release|Any CPU
		{DBB7130D-6B4F-4EDB-8309-9B4EC50D9F54}.Debug|Any CPU.ActiveCfg = Debug|Any CPU
		{DBB7130D-6B4F-4EDB-8309-9B4EC50D9F54}.Debug|Any CPU.Build.0 = Debug|Any CPU
		{DBB7130D-6B4F-4EDB-8309-9B4EC50D9F54}.Release|Any CPU.ActiveCfg = Release|Any CPU
		{DBB7130D-6B4F-4EDB-8309-9B4EC50D9F54}.Release|Any CPU.Build.0 = Release|Any CPU
		{4852C3BB-47CA-419B-A1D6-A0F41AC1106C}.Debug|Any CPU.ActiveCfg = Debug|Any CPU
		{4852C3BB-47CA-419B-A1D6-A0F41AC1106C}.Debug|Any CPU.Build.0 = Debug|Any CPU
		{4852C3BB-47CA-419B-A1D6-A0F41AC1106C}.Release|Any CPU.ActiveCfg = Release|Any CPU
		{4852C3BB-47CA-419B-A1D6-A0F41AC1106C}.Release|Any CPU.Build.0 = Release|Any CPU
		{78FF0414-3D45-4F03-920E-A7178C7839D6}.Debug|Any CPU.ActiveCfg = Debug|Any CPU
		{78FF0414-3D45-4F03-920E-A7178C7839D6}.Debug|Any CPU.Build.0 = Debug|Any CPU
		{78FF0414-3D45-4F03-920E-A7178C7839D6}.Release|Any CPU.ActiveCfg = Release|Any CPU
		{78FF0414-3D45-4F03-920E-A7178C7839D6}.Release|Any CPU.Build.0 = Release|Any CPU
	EndGlobalSection
	GlobalSection(SolutionProperties) = preSolution
		HideSolutionNode = FALSE
	EndGlobalSection
	GlobalSection(NestedProjects) = preSolution
		{2C650938-2D25-4086-BAF0-801A2E761CD3} = {6D008971-076C-449A-840D-FC523CC65283}
		{30FBEED2-2EB1-4FAF-A184-1A70E56B7CAF} = {6D008971-076C-449A-840D-FC523CC65283}
		{2DDB41A8-CA6E-45F3-8784-B367D10B77D4} = {6D008971-076C-449A-840D-FC523CC65283}
		{8CEFB722-059F-463A-A40E-CE183EC18DC6} = {6D008971-076C-449A-840D-FC523CC65283}
		{DBB7130D-6B4F-4EDB-8309-9B4EC50D9F54} = {6D008971-076C-449A-840D-FC523CC65283}
		{4852C3BB-47CA-419B-A1D6-A0F41AC1106C} = {6D008971-076C-449A-840D-FC523CC65283}
		{78FF0414-3D45-4F03-920E-A7178C7839D6} = {6D008971-076C-449A-840D-FC523CC65283}
	EndGlobalSection
	GlobalSection(ExtensibilityGlobals) = postSolution
		SolutionGuid = {5A6174D0-3692-413A-8BAB-8F1A99A5AB24}
	EndGlobalSection
EndGlobal
